
Microsoft Visual Studio Solution File, Format Version 12.00
# Visual Studio Version 16
VisualStudioVersion = 16.0.30406.217
MinimumVisualStudioVersion = 10.0.40219.1
Project("{FAE04EC0-301F-11D3-BF4B-00C04F79EFBC}") = "Recursive Circles", "Recursive Circles\Recursive Circles.csproj", "{F2430375-412C-47AE-917B-7171DA7B321C}"
EndProject
Global
	GlobalSection(SolutionConfigurationPlatforms) = preSolution
		Debug|Any CPU = Debug|Any CPU
		Release|Any CPU = Release|Any CPU
	EndGlobalSection
	GlobalSection(ProjectConfigurationPlatforms) = postSolution
		{F2430375-412C-47AE-917B-7171DA7B321C}.Debug|Any CPU.ActiveCfg = Debug|Any CPU
		{F2430375-412C-47AE-917B-7171DA7B321C}.Debug|Any CPU.Build.0 = Debug|Any CPU
		{F2430375-412C-47AE-917B-7171DA7B321C}.Release|Any CPU.ActiveCfg = Release|Any CPU
		{F2430375-412C-47AE-917B-7171DA7B321C}.Release|Any CPU.Build.0 = Release|Any CPU
	EndGlobalSection
	GlobalSection(SolutionProperties) = preSolution
		HideSolutionNode = FALSE
	EndGlobalSection
	GlobalSection(ExtensibilityGlobals) = postSolution
		SolutionGuid = {0FB3F5D9-F6FD-4F7E-86B4-D8CD4D335C52}
	EndGlobalSection
EndGlobal
